<?xml version="1.0" encoding="utf-8"?>
<Project ToolsVersion="4.0" xmlns="http://schemas.microsoft.com/developer/msbuild/2003">
  <ItemGroup>
    <Filter Include="Исходные файлы">
      <UniqueIdentifier>{4FC737F1-C7A5-4376-A066-2A32D752A2FF}</UniqueIdentifier>
      <Extensions>cpp;c;cc;cxx;c++;cppm;ixx;def;odl;idl;hpj;bat;asm;asmx</Extensions>
    </Filter>
    <Filter Include="Файлы заголовков">
      <UniqueIdentifier>{93995380-89BD-4b04-88EB-625FBE52EBFB}</UniqueIdentifier>
      <Extensions>h;hh;hpp;hxx;h++;hm;inl;inc;ipp;xsd</Extensions>
    </Filter>
    <Filter Include="Файлы ресурсов">
      <UniqueIdentifier>{67DA6AB6-F800-4c08-8B7A-83BB121AAD01}</UniqueIdentifier>
      <Extensions>rc;ico;cur;bmp;dlg;rc2;rct;bin;rgs;gif;jpg;jpeg;jpe;resx;tiff;tif;png;wav;mfcribbon-ms</Extensions>
    </Filter>
    <Filter Include="Users">
      <UniqueIdentifier>{9992ef44-e1d1-4072-80e1-0671f8d77e55}</UniqueIdentifier>
    </Filter>
    <Filter Include="Administrator">
      <UniqueIdentifier>{bbd1df36-62b8-4206-9a53-60119b4ed42b}</UniqueIdentifier>
    </Filter>
    <Filter Include="CheckingInfo">
      <UniqueIdentifier>{4fd208e4-1491-4233-9ab9-73a7a5d88d30}</UniqueIdentifier>
    </Filter>
  </ItemGroup>
  <ItemGroup>
    <ClCompile Include="Administrator.cpp">
      <Filter>Administrator</Filter>
    </ClCompile>
    <ClCompile Include="ProfileClient.cpp">
      <Filter>Users</Filter>
    </ClCompile>
    <ClCompile Include="ContactInformationClient.cpp">
      <Filter>Users</Filter>
    </ClCompile>
    <ClCompile Include="CreateUser.cpp">
      <Filter>Administrator</Filter>
    </ClCompile>
    <ClCompile Include="main.cpp">
      <Filter>Исходные файлы</Filter>
    </ClCompile>
    <ClCompile Include="Client.cpp">
      <Filter>Users</Filter>
    </ClCompile>
    <ClCompile Include="CheckingCorrectnessData.cpp">
      <Filter>CheckingInfo</Filter>
    </ClCompile>
  </ItemGroup>
  <ItemGroup>
    <ClInclude Include="Administrator.h">
      <Filter>Administrator</Filter>
    </ClInclude>
    <ClInclude Include="ProfileClient.h">
      <Filter>Users</Filter>
    </ClInclude>
    <ClInclude Include="ContactInformationClient.h">
      <Filter>Users</Filter>
    </ClInclude>
    <ClInclude Include="CreateUser.h">
      <Filter>Administrator</Filter>
    </ClInclude>
    <ClInclude Include="Client.h">
      <Filter>Users</Filter>
    </ClInclude>
    <ClInclude Include="CheckingCorrectnessData.h">
      <Filter>CheckingInfo</Filter>
    </ClInclude>
  </ItemGroup>
</Project>