<?xml version="1.0" encoding="utf-8"?>
<Project ToolsVersion="4.0" xmlns="http://schemas.microsoft.com/developer/msbuild/2003">
  <ItemGroup>
    <Filter Include="Исходные файлы">
      <UniqueIdentifier>{4FC737F1-C7A5-4376-A066-2A32D752A2FF}</UniqueIdentifier>
      <Extensions>cpp;c;cc;cxx;c++;cppm;ixx;def;odl;idl;hpj;bat;asm;asmx</Extensions>
    </Filter>
    <Filter Include="Файлы заголовков">
      <UniqueIdentifier>{93995380-89BD-4b04-88EB-625FBE52EBFB}</UniqueIdentifier>
      <Extensions>h;hh;hpp;hxx;h++;hm;inl;inc;ipp;xsd</Extensions>
    </Filter>
    <Filter Include="Файлы ресурсов">
      <UniqueIdentifier>{67DA6AB6-F800-4c08-8B7A-83BB121AAD01}</UniqueIdentifier>
      <Extensions>rc;ico;cur;bmp;dlg;rc2;rct;bin;rgs;gif;jpg;jpeg;jpe;resx;tiff;tif;png;wav;mfcribbon-ms</Extensions>
    </Filter>
    <Filter Include="CheckInfo">
      <UniqueIdentifier>{4fd208e4-1491-4233-9ab9-73a7a5d88d30}</UniqueIdentifier>
    </Filter>
    <Filter Include="CheckInfo\User">
      <UniqueIdentifier>{4b31d404-c374-43fb-b46b-2ec85077c64f}</UniqueIdentifier>
    </Filter>
    <Filter Include="Auth">
      <UniqueIdentifier>{6710f470-f7ee-4c4e-b9a5-157dbfd3f909}</UniqueIdentifier>
    </Filter>
  </ItemGroup>
  <ItemGroup>
    <ClCompile Include="main.cpp">
      <Filter>Исходные файлы</Filter>
    </ClCompile>
    <ClCompile Include="CheckCorrInput.cpp">
      <Filter>CheckInfo</Filter>
    </ClCompile>
    <ClCompile Include="ContactClientINFO.cpp">
      <Filter>CheckInfo\User</Filter>
    </ClCompile>
    <ClCompile Include="CreateUser.cpp">
      <Filter>CheckInfo\User</Filter>
    </ClCompile>
    <ClCompile Include="ProfileClientINFO.cpp">
      <Filter>CheckInfo\User</Filter>
    </ClCompile>
    <ClCompile Include="Authorization.cpp">
      <Filter>Auth</Filter>
    </ClCompile>
  </ItemGroup>
  <ItemGroup>
    <ClInclude Include="CheckCorrInput.h">
      <Filter>CheckInfo</Filter>
    </ClInclude>
    <ClInclude Include="ContactClientINFO.h">
      <Filter>CheckInfo\User</Filter>
    </ClInclude>
    <ClInclude Include="CreateUser.h">
      <Filter>CheckInfo\User</Filter>
    </ClInclude>
    <ClInclude Include="ProfileClientINFO.h">
      <Filter>CheckInfo\User</Filter>
    </ClInclude>
    <ClInclude Include="Authorization.h">
      <Filter>Auth</Filter>
    </ClInclude>
  </ItemGroup>
</Project>