<?xml version="1.0" encoding="utf-8"?>
<Project ToolsVersion="4.0" xmlns="http://schemas.microsoft.com/developer/msbuild/2003">
  <ItemGroup>
    <Filter Include="Исходные файлы">
      <UniqueIdentifier>{4FC737F1-C7A5-4376-A066-2A32D752A2FF}</UniqueIdentifier>
      <Extensions>cpp;c;cc;cxx;c++;cppm;ixx;def;odl;idl;hpj;bat;asm;asmx</Extensions>
    </Filter>
    <Filter Include="Файлы заголовков">
      <UniqueIdentifier>{93995380-89BD-4b04-88EB-625FBE52EBFB}</UniqueIdentifier>
      <Extensions>h;hh;hpp;hxx;h++;hm;inl;inc;ipp;xsd</Extensions>
    </Filter>
    <Filter Include="Файлы ресурсов">
      <UniqueIdentifier>{67DA6AB6-F800-4c08-8B7A-83BB121AAD01}</UniqueIdentifier>
      <Extensions>rc;ico;cur;bmp;dlg;rc2;rct;bin;rgs;gif;jpg;jpeg;jpe;resx;tiff;tif;png;wav;mfcribbon-ms</Extensions>
    </Filter>
    <Filter Include="Auth">
      <UniqueIdentifier>{6710f470-f7ee-4c4e-b9a5-157dbfd3f909}</UniqueIdentifier>
    </Filter>
    <Filter Include="CheckCorrectInput">
      <UniqueIdentifier>{ee3ba0ca-2532-49c9-84d7-0551a3d941e6}</UniqueIdentifier>
    </Filter>
    <Filter Include="ProfileInfo">
      <UniqueIdentifier>{379332fa-1d75-442b-b28a-e46c74e95ede}</UniqueIdentifier>
    </Filter>
    <Filter Include="Car">
      <UniqueIdentifier>{11c8e8cb-8bef-48b8-b0d3-16bcf9ec7e3e}</UniqueIdentifier>
    </Filter>
  </ItemGroup>
  <ItemGroup>
    <ClCompile Include="main.cpp">
      <Filter>Исходные файлы</Filter>
    </ClCompile>
    <ClCompile Include="Authorization.cpp">
      <Filter>Auth</Filter>
    </ClCompile>
    <ClCompile Include="CheckCorrectInput.cpp">
      <Filter>CheckCorrectInput</Filter>
    </ClCompile>
    <ClCompile Include="ProfileClientINFO.cpp">
      <Filter>ProfileInfo</Filter>
    </ClCompile>
    <ClCompile Include="ProfileClientList.cpp">
      <Filter>ProfileInfo</Filter>
    </ClCompile>
    <ClCompile Include="PassengerCars.cpp">
      <Filter>Исходные файлы</Filter>
    </ClCompile>
  </ItemGroup>
  <ItemGroup>
    <ClInclude Include="Authorization.h">
      <Filter>Auth</Filter>
    </ClInclude>
    <ClInclude Include="CheckCorrectInput.h">
      <Filter>CheckCorrectInput</Filter>
    </ClInclude>
    <ClInclude Include="ProfileClientINFO.h">
      <Filter>ProfileInfo</Filter>
    </ClInclude>
    <ClInclude Include="ProfileClientList.h">
      <Filter>ProfileInfo</Filter>
    </ClInclude>
    <ClInclude Include="Car.h">
      <Filter>Car</Filter>
    </ClInclude>
    <ClInclude Include="PassengerCars.h">
      <Filter>Файлы заголовков</Filter>
    </ClInclude>
  </ItemGroup>
</Project>